
Microsoft Visual Studio Solution File, Format Version 12.00
# Visual Studio 15
VisualStudioVersion = 15.0.28010.2046
MinimumVisualStudioVersion = 10.0.40219.1
Project("{9A19103F-16F7-4668-BE54-9A1E7A4F7556}") = "EPWebAPI", "EPWebAPI.csproj", "{AAED95AB-57B9-460F-B34E-25B01CB37D5B}"
EndProject
Global
	GlobalSection(SolutionConfigurationPlatforms) = preSolution
		Debug|Any CPU = Debug|Any CPU
		Release|Any CPU = Release|Any CPU
	EndGlobalSection
	GlobalSection(ProjectConfigurationPlatforms) = postSolution
		{AAED95AB-57B9-460F-B34E-25B01CB37D5B}.Debug|Any CPU.ActiveCfg = Debug|Any CPU
		{AAED95AB-57B9-460F-B34E-25B01CB37D5B}.Debug|Any CPU.Build.0 = Debug|Any CPU
		{AAED95AB-57B9-460F-B34E-25B01CB37D5B}.Release|Any CPU.ActiveCfg = Release|Any CPU
		{AAED95AB-57B9-460F-B34E-25B01CB37D5B}.Release|Any CPU.Build.0 = Release|Any CPU
	EndGlobalSection
	GlobalSection(SolutionProperties) = preSolution
		HideSolutionNode = FALSE
	EndGlobalSection
	GlobalSection(ExtensibilityGlobals) = postSolution
		SolutionGuid = {163C82E3-3728-4BD6-8174-6658B07F8C4F}
	EndGlobalSection
EndGlobal
